
Microsoft Visual Studio Solution File, Format Version 12.00
# Visual Studio Version 16
VisualStudioVersion = 16.0.31005.135
MinimumVisualStudioVersion = 10.0.40219.1
Project("{FAE04EC0-301F-11D3-BF4B-00C04F79EFBC}") = "OOP2_Mid_Term_Assignment", "OOP2_Mid_Term_Assignment\OOP2_Mid_Term_Assignment.csproj", "{51E851AA-F66E-4484-AA98-0C0E18FE0BD7}"
EndProject
Global
	GlobalSection(SolutionConfigurationPlatforms) = preSolution
		Debug|Any CPU = Debug|Any CPU
		Release|Any CPU = Release|Any CPU
	EndGlobalSection
	GlobalSection(ProjectConfigurationPlatforms) = postSolution
		{51E851AA-F66E-4484-AA98-0C0E18FE0BD7}.Debug|Any CPU.ActiveCfg = Debug|Any CPU
		{51E851AA-F66E-4484-AA98-0C0E18FE0BD7}.Debug|Any CPU.Build.0 = Debug|Any CPU
		{51E851AA-F66E-4484-AA98-0C0E18FE0BD7}.Release|Any CPU.ActiveCfg = Release|Any CPU
		{51E851AA-F66E-4484-AA98-0C0E18FE0BD7}.Release|Any CPU.Build.0 = Release|Any CPU
	EndGlobalSection
	GlobalSection(SolutionProperties) = preSolution
		HideSolutionNode = FALSE
	EndGlobalSection
	GlobalSection(ExtensibilityGlobals) = postSolution
		SolutionGuid = {713C2BBD-9928-4361-A37F-0A7D5F4C82C2}
	EndGlobalSection
EndGlobal
